
Microsoft Visual Studio Solution File, Format Version 12.00
# Visual Studio Version 17
VisualStudioVersion = 17.0.31903.59
MinimumVisualStudioVersion = 10.0.40219.1
Project("{2150E333-8FDC-42A3-9474-1A3956D46DE8}") = "src", "src", "{EF80E3D5-0583-4084-8FF9-72F4923E165C}"
EndProject
Project("{FAE04EC0-301F-11D3-BF4B-00C04F79EFBC}") = "PolyglotShop.Core", "src\PolyglotShop.Core\PolyglotShop.Core.csproj", "{56640469-BDA1-4452-8E16-01DDA67DAE63}"
EndProject
Project("{FAE04EC0-301F-11D3-BF4B-00C04F79EFBC}") = "PolyglotShop.Infrastructure", "src\PolyglotShop.Infrastructure\PolyglotShop.Infrastructure.csproj", "{D2E44B33-4DA4-4735-A42C-0D79D4C4D6F6}"
EndProject
Project("{FAE04EC0-301F-11D3-BF4B-00C04F79EFBC}") = "PolyglotShop.Api", "src\PolyglotShop.Api\PolyglotShop.Api.csproj", "{12012FFC-C5AE-40FE-B76F-C165DA2196A7}"
EndProject
Global
	GlobalSection(SolutionConfigurationPlatforms) = preSolution
		Debug|Any CPU = Debug|Any CPU
		Release|Any CPU = Release|Any CPU
	EndGlobalSection
	GlobalSection(SolutionProperties) = preSolution
		HideSolutionNode = FALSE
	EndGlobalSection
	GlobalSection(ProjectConfigurationPlatforms) = postSolution
		{56640469-BDA1-4452-8E16-01DDA67DAE63}.Debug|Any CPU.ActiveCfg = Debug|Any CPU
		{56640469-BDA1-4452-8E16-01DDA67DAE63}.Debug|Any CPU.Build.0 = Debug|Any CPU
		{56640469-BDA1-4452-8E16-01DDA67DAE63}.Release|Any CPU.ActiveCfg = Release|Any CPU
		{56640469-BDA1-4452-8E16-01DDA67DAE63}.Release|Any CPU.Build.0 = Release|Any CPU
		{D2E44B33-4DA4-4735-A42C-0D79D4C4D6F6}.Debug|Any CPU.ActiveCfg = Debug|Any CPU
		{D2E44B33-4DA4-4735-A42C-0D79D4C4D6F6}.Debug|Any CPU.Build.0 = Debug|Any CPU
		{D2E44B33-4DA4-4735-A42C-0D79D4C4D6F6}.Release|Any CPU.ActiveCfg = Release|Any CPU
		{D2E44B33-4DA4-4735-A42C-0D79D4C4D6F6}.Release|Any CPU.Build.0 = Release|Any CPU
		{12012FFC-C5AE-40FE-B76F-C165DA2196A7}.Debug|Any CPU.ActiveCfg = Debug|Any CPU
		{12012FFC-C5AE-40FE-B76F-C165DA2196A7}.Debug|Any CPU.Build.0 = Debug|Any CPU
		{12012FFC-C5AE-40FE-B76F-C165DA2196A7}.Release|Any CPU.ActiveCfg = Release|Any CPU
		{12012FFC-C5AE-40FE-B76F-C165DA2196A7}.Release|Any CPU.Build.0 = Release|Any CPU
	EndGlobalSection
	GlobalSection(NestedProjects) = preSolution
		{56640469-BDA1-4452-8E16-01DDA67DAE63} = {EF80E3D5-0583-4084-8FF9-72F4923E165C}
		{D2E44B33-4DA4-4735-A42C-0D79D4C4D6F6} = {EF80E3D5-0583-4084-8FF9-72F4923E165C}
		{12012FFC-C5AE-40FE-B76F-C165DA2196A7} = {EF80E3D5-0583-4084-8FF9-72F4923E165C}
	EndGlobalSection
EndGlobal
